{
  "nodes": {
    "nixpkgs": {
      "locked": {
        "lastModified": 1754975461,
        "narHash": "sha256-F/EzILKOWZ4UvCbj655MLAf2EfjbhFbz1iKrxaJxmuk=",
        "owner": "NixOS",
        "repo": "nixpkgs",
        "rev": "cca779286a4dfd33a04d11954829dfeca0904b79",
        "type": "github"
      },
      "original": {
        "owner": "NixOS",
        "ref": "nixos-unstable-small",
        "repo": "nixpkgs",
        "type": "github"
      }
    },
    "root": {
      "inputs": {
        "nixpkgs": "nixpkgs"
      }
    }
  },
  "root": "root",
  "version": 7
}
